{
  "name": "HWD",
  "lockfileVersion": 3,
  "requires": true,
  "packages": {
    "": {
      "devDependencies": {
        "@types/jquery": "^3.5.25",
        "typescript": "^5.2.2"
      }
    },
    "node_modules/@types/jquery": {
      "version": "3.5.25",
      "resolved": "https://registry.npmjs.org/@types/jquery/-/jquery-3.5.25.tgz",
      "integrity": "sha512-gykx2c+OZf5nx2tv/5fDQqmvGgTiXshELy5jf9IgXPtVfSBl57IUYByN4osbwMXwJijWGOEYQABzGaFZE79A0Q==",
      "dev": true,
      "dependencies": {
        "@types/sizzle": "*"
      }
    },
    "node_modules/@types/sizzle": {
      "version": "2.3.5",
      "resolved": "https://registry.npmjs.org/@types/sizzle/-/sizzle-2.3.5.tgz",
      "integrity": "sha512-tAe4Q+OLFOA/AMD+0lq8ovp8t3ysxAOeaScnfNdZpUxaGl51ZMDEITxkvFl1STudQ58mz6gzVGl9VhMKhwRnZQ==",
      "dev": true
    },
    "node_modules/typescript": {
      "version": "5.2.2",
      "resolved": "https://registry.npmjs.org/typescript/-/typescript-5.2.2.tgz",
      "integrity": "sha512-mI4WrpHsbCIcwT9cF4FZvr80QUeKvsUsUvKDoR+X/7XHQH98xYD8YHZg7ANtz2GtZt/CBq2QJ0thkGJMHfqc1w==",
      "dev": true,
      "bin": {
        "tsc": "bin/tsc",
        "tsserver": "bin/tsserver"
      },
      "engines": {
        "node": ">=14.17"
      }
    }
  }
}
